<Solution>
  <Folder Name="/src/">
    <Project Path="src/ORFlow.Api/ORFlow.Api.csproj" />
    <Project Path="src/ORFlow.Application/ORFlow.Application.csproj" />
    <Project Path="src/ORFlow.Domain/ORFlow.Domain.csproj" />
    <Project Path="src/ORFlow.Infrastructure/ORFlow.Infrastructure.csproj" />
  </Folder>
  <Folder Name="/tests/">
    <Project Path="tests/ORFlow.Application.Tests/ORFlow.Application.Tests.csproj" />
    <Project Path="tests/ORFlow.Domain.Tests/ORFlow.Domain.Tests.csproj" />
  </Folder>
</Solution>
